# This file is automatically @generated by Poetry 1.8.2 and should not be changed by hand.

[[package]]
name = "tkinterdnd2"
version = "0.3.0"
description = "TkinterDnD2 is a python wrapper for George Petasis'' tkDnD Tk extension version 2"
optional = false
python-versions = ">=3.6"
files = [
    {file = "tkinterdnd2-0.3.0-py3-none-any.whl", hash = "sha256:ef3ff4894c75e21ddc3252eb6d1292670824bf20240b9e82da9240631bbe63fe"},
    {file = "tkinterdnd2-0.3.0.tar.gz", hash = "sha256:cb9d72634c42ff2e5a6e34823ef02f7722a5b6ad5cec5e1de82ec8f0c371a614"},
]

[[package]]
name = "webcolors"
version = "1.13"
description = "A library for working with the color formats defined by HTML and CSS."
optional = false
python-versions = ">=3.7"
files = [
    {file = "webcolors-1.13-py3-none-any.whl", hash = "sha256:29bc7e8752c0a1bd4a1f03c14d6e6a72e93d82193738fa860cbff59d0fcc11bf"},
    {file = "webcolors-1.13.tar.gz", hash = "sha256:c225b674c83fa923be93d235330ce0300373d02885cef23238813b0d5668304a"},
]

[package.extras]
docs = ["furo", "sphinx", "sphinx-copybutton", "sphinx-inline-tabs", "sphinx-notfound-page", "sphinxext-opengraph"]
tests = ["pytest", "pytest-cov"]

[metadata]
lock-version = "2.0"
python-versions = "^3.11"
content-hash = "78326adebf8b46a59cfb1cb8daa55961e39f0b7f4a0c03646579dd44fdd941c9"
